// !$*UTF8*$!
{
	archiveVersion = 1;
	classes = {
	};
	objectVersion = 46;
	objects = {

/* Begin PBXBuildFile section */
		3782C8AD173FDE1B00F1EA55 /* UIImage+UIImage_DBImageBlender.m in Sources */ = {isa = PBXBuildFile; fileRef = 3782C8AC173FDE1B00F1EA55 /* UIImage+UIImage_DBImageBlender.m */; };
		3782C8C417416D7700F1EA55 /* pattern5.png in Resources */ = {isa = PBXBuildFile; fileRef = 3782C8C317416D7600F1EA55 /* pattern5.png */; };
		37A368F1174A9D4900FF8BE5 /* README.md in Resources */ = {isa = PBXBuildFile; fileRef = 37A368F0174A9D4900FF8BE5 /* README.md */; };
		37C88597173DABC000994182 /* UIKit.framework in Frameworks */ = {isa = PBXBuildFile; fileRef = 37C88596173DABC000994182 /* UIKit.framework */; };
		37C88599173DABC000994182 /* Foundation.framework in Frameworks */ = {isa = PBXBuildFile; fileRef = 37C88598173DABC000994182 /* Foundation.framework */; };
		37C8859B173DABC000994182 /* CoreGraphics.framework in Frameworks */ = {isa = PBXBuildFile; fileRef = 37C8859A173DABC000994182 /* CoreGraphics.framework */; };
		37C885A1173DABC000994182 /* InfoPlist.strings in Resources */ = {isa = PBXBuildFile; fileRef = 37C8859F173DABC000994182 /* InfoPlist.strings */; };
		37C885A3173DABC000994182 /* main.m in Sources */ = {isa = PBXBuildFile; fileRef = 37C885A2173DABC000994182 /* main.m */; };
		37C885A7173DABC000994182 /* AppDelegate.m in Sources */ = {isa = PBXBuildFile; fileRef = 37C885A6173DABC000994182 /* AppDelegate.m */; };
		37C885A9173DABC000994182 /* Default.png in Resources */ = {isa = PBXBuildFile; fileRef = 37C885A8173DABC000994182 /* Default.png */; };
		37C885AB173DABC000994182 /* Default@2x.png in Resources */ = {isa = PBXBuildFile; fileRef = 37C885AA173DABC000994182 /* Default@2x.png */; };
		37C885AD173DABC000994182 /* Default-568h@2x.png in Resources */ = {isa = PBXBuildFile; fileRef = 37C885AC173DABC000994182 /* Default-568h@2x.png */; };
		37C885B0173DABC000994182 /* MainStoryboard_iPhone.storyboard in Resources */ = {isa = PBXBuildFile; fileRef = 37C885AE173DABC000994182 /* MainStoryboard_iPhone.storyboard */; };
		37C885B3173DABC000994182 /* MainStoryboard_iPad.storyboard in Resources */ = {isa = PBXBuildFile; fileRef = 37C885B1173DABC000994182 /* MainStoryboard_iPad.storyboard */; };
		37C885B6173DABC000994182 /* ViewController.m in Sources */ = {isa = PBXBuildFile; fileRef = 37C885B5173DABC000994182 /* ViewController.m */; };
		37C885D3173E2AC600994182 /* Shelf-iPhone.png in Resources */ = {isa = PBXBuildFile; fileRef = 37C885D1173E2AC600994182 /* Shelf-iPhone.png */; };
		37C885D4173E2AC600994182 /* Shelf-iPhone@2x.png in Resources */ = {isa = PBXBuildFile; fileRef = 37C885D2173E2AC600994182 /* Shelf-iPhone@2x.png */; };
		37C885D6173E302600994182 /* Shelf-iPad.png in Resources */ = {isa = PBXBuildFile; fileRef = 37C885D5173E302600994182 /* Shelf-iPad.png */; };
		37C885DB173F32BC00994182 /* magazine_mockup_base.png in Resources */ = {isa = PBXBuildFile; fileRef = 37C885D7173F32BC00994182 /* magazine_mockup_base.png */; };
		37C885DC173F32BC00994182 /* magazine_mockup_base@2x.png in Resources */ = {isa = PBXBuildFile; fileRef = 37C885D8173F32BC00994182 /* magazine_mockup_base@2x.png */; };
		37C885DD173F32BC00994182 /* magazine_mockup_reflexo.png in Resources */ = {isa = PBXBuildFile; fileRef = 37C885D9173F32BC00994182 /* magazine_mockup_reflexo.png */; };
		37C885DE173F32BC00994182 /* magazine_mockup_reflexo@2x.png in Resources */ = {isa = PBXBuildFile; fileRef = 37C885DA173F32BC00994182 /* magazine_mockup_reflexo@2x.png */; };
		37C885E9173F32C900994182 /* 127.png in Resources */ = {isa = PBXBuildFile; fileRef = 37C885DF173F32C900994182 /* 127.png */; };
		37C885EA173F32C900994182 /* 127@2x.png in Resources */ = {isa = PBXBuildFile; fileRef = 37C885E0173F32C900994182 /* 127@2x.png */; };
		37C885EB173F32C900994182 /* 128.png in Resources */ = {isa = PBXBuildFile; fileRef = 37C885E1173F32C900994182 /* 128.png */; };
		37C885EC173F32C900994182 /* 128@2x.png in Resources */ = {isa = PBXBuildFile; fileRef = 37C885E2173F32C900994182 /* 128@2x.png */; };
		37C885ED173F32C900994182 /* 133.png in Resources */ = {isa = PBXBuildFile; fileRef = 37C885E3173F32C900994182 /* 133.png */; };
		37C885EE173F32C900994182 /* 133@2x.png in Resources */ = {isa = PBXBuildFile; fileRef = 37C885E4173F32C900994182 /* 133@2x.png */; };
		37C885EF173F32C900994182 /* 134.png in Resources */ = {isa = PBXBuildFile; fileRef = 37C885E5173F32C900994182 /* 134.png */; };
		37C885F0173F32C900994182 /* 134@2x.png in Resources */ = {isa = PBXBuildFile; fileRef = 37C885E6173F32C900994182 /* 134@2x.png */; };
		37C885F1173F32C900994182 /* 135.png in Resources */ = {isa = PBXBuildFile; fileRef = 37C885E7173F32C900994182 /* 135.png */; };
		37C885F2173F32C900994182 /* 135@2x.png in Resources */ = {isa = PBXBuildFile; fileRef = 37C885E8173F32C900994182 /* 135@2x.png */; };
		86616593F16D49C4999F7773 /* libPods.a in Frameworks */ = {isa = PBXBuildFile; fileRef = 319DC6E9C90B41FD9D493890 /* libPods.a */; };
		KHTIUSNFGMRPHCRVUMVBPGNH /* SparkInspector.framework in Frameworks */ = {isa = PBXBuildFile; fileRef = QMNTBWVDMICWTEJGUAKXRYSM /* SparkInspector.framework */; };
		KIYDQKWBMRKIEYEVRWSLKUDQ /* QuartzCore.framework in Frameworks */ = {isa = PBXBuildFile; fileRef = HYXIFWTDXJPPRRMDCEPMDTJH /* QuartzCore.framework */; };
		KNPONLATPTEBRUFEBXNXFHCQ /* libz.dylib in Frameworks */ = {isa = PBXBuildFile; fileRef = THBDITSPYVFDWQYYBDCIDIXG /* libz.dylib */; };
/* End PBXBuildFile section */

/* Begin PBXFileReference section */
		319DC6E9C90B41FD9D493890 /* libPods.a */ = {isa = PBXFileReference; explicitFileType = archive.ar; includeInIndex = 0; path = libPods.a; sourceTree = BUILT_PRODUCTS_DIR; };
		3782C8AB173FDE1B00F1EA55 /* UIImage+UIImage_DBImageBlender.h */ = {isa = PBXFileReference; fileEncoding = 4; lastKnownFileType = sourcecode.c.h; path = "UIImage+UIImage_DBImageBlender.h"; sourceTree = "<group>"; };
		3782C8AC173FDE1B00F1EA55 /* UIImage+UIImage_DBImageBlender.m */ = {isa = PBXFileReference; fileEncoding = 4; lastKnownFileType = sourcecode.c.objc; path = "UIImage+UIImage_DBImageBlender.m"; sourceTree = "<group>"; };
		3782C8C317416D7600F1EA55 /* pattern5.png */ = {isa = PBXFileReference; lastKnownFileType = image.png; path = pattern5.png; sourceTree = "<group>"; };
		37A368F0174A9D4900FF8BE5 /* README.md */ = {isa = PBXFileReference; fileEncoding = 4; lastKnownFileType = text; path = README.md; sourceTree = "<group>"; };
		37C88593173DABC000994182 /* ImageBlender.app */ = {isa = PBXFileReference; explicitFileType = wrapper.application; includeInIndex = 0; path = ImageBlender.app; sourceTree = BUILT_PRODUCTS_DIR; };
		37C88596173DABC000994182 /* UIKit.framework */ = {isa = PBXFileReference; lastKnownFileType = wrapper.framework; name = UIKit.framework; path = System/Library/Frameworks/UIKit.framework; sourceTree = SDKROOT; };
		37C88598173DABC000994182 /* Foundation.framework */ = {isa = PBXFileReference; lastKnownFileType = wrapper.framework; name = Foundation.framework; path = System/Library/Frameworks/Foundation.framework; sourceTree = SDKROOT; };
		37C8859A173DABC000994182 /* CoreGraphics.framework */ = {isa = PBXFileReference; lastKnownFileType = wrapper.framework; name = CoreGraphics.framework; path = System/Library/Frameworks/CoreGraphics.framework; sourceTree = SDKROOT; };
		37C8859E173DABC000994182 /* ImageBlender-Info.plist */ = {isa = PBXFileReference; lastKnownFileType = text.plist.xml; path = "ImageBlender-Info.plist"; sourceTree = "<group>"; };
		37C885A0173DABC000994182 /* en */ = {isa = PBXFileReference; lastKnownFileType = text.plist.strings; name = en; path = en.lproj/InfoPlist.strings; sourceTree = "<group>"; };
		37C885A2173DABC000994182 /* main.m */ = {isa = PBXFileReference; lastKnownFileType = sourcecode.c.objc; path = main.m; sourceTree = "<group>"; };
		37C885A4173DABC000994182 /* ImageBlender-Prefix.pch */ = {isa = PBXFileReference; lastKnownFileType = sourcecode.c.h; path = "ImageBlender-Prefix.pch"; sourceTree = "<group>"; };
		37C885A5173DABC000994182 /* AppDelegate.h */ = {isa = PBXFileReference; lastKnownFileType = sourcecode.c.h; path = AppDelegate.h; sourceTree = "<group>"; };
		37C885A6173DABC000994182 /* AppDelegate.m */ = {isa = PBXFileReference; lastKnownFileType = sourcecode.c.objc; path = AppDelegate.m; sourceTree = "<group>"; };
		37C885A8173DABC000994182 /* Default.png */ = {isa = PBXFileReference; lastKnownFileType = image.png; path = Default.png; sourceTree = "<group>"; };
		37C885AA173DABC000994182 /* Default@2x.png */ = {isa = PBXFileReference; lastKnownFileType = image.png; path = "Default@2x.png"; sourceTree = "<group>"; };
		37C885AC173DABC000994182 /* Default-568h@2x.png */ = {isa = PBXFileReference; lastKnownFileType = image.png; path = "Default-568h@2x.png"; sourceTree = "<group>"; };
		37C885AF173DABC000994182 /* en */ = {isa = PBXFileReference; lastKnownFileType = file.storyboard; name = en; path = en.lproj/MainStoryboard_iPhone.storyboard; sourceTree = "<group>"; };
		37C885B2173DABC000994182 /* en */ = {isa = PBXFileReference; lastKnownFileType = file.storyboard; name = en; path = en.lproj/MainStoryboard_iPad.storyboard; sourceTree = "<group>"; };
		37C885B4173DABC000994182 /* ViewController.h */ = {isa = PBXFileReference; lastKnownFileType = sourcecode.c.h; path = ViewController.h; sourceTree = "<group>"; };
		37C885B5173DABC000994182 /* ViewController.m */ = {isa = PBXFileReference; lastKnownFileType = sourcecode.c.objc; path = ViewController.m; sourceTree = "<group>"; };
		37C885D1173E2AC600994182 /* Shelf-iPhone.png */ = {isa = PBXFileReference; lastKnownFileType = image.png; path = "Shelf-iPhone.png"; sourceTree = "<group>"; };
		37C885D2173E2AC600994182 /* Shelf-iPhone@2x.png */ = {isa = PBXFileReference; lastKnownFileType = image.png; path = "Shelf-iPhone@2x.png"; sourceTree = "<group>"; };
		37C885D5173E302600994182 /* Shelf-iPad.png */ = {isa = PBXFileReference; lastKnownFileType = image.png; path = "Shelf-iPad.png"; sourceTree = "<group>"; };
		37C885D7173F32BC00994182 /* magazine_mockup_base.png */ = {isa = PBXFileReference; lastKnownFileType = image.png; path = magazine_mockup_base.png; sourceTree = "<group>"; };
		37C885D8173F32BC00994182 /* magazine_mockup_base@2x.png */ = {isa = PBXFileReference; lastKnownFileType = image.png; path = "magazine_mockup_base@2x.png"; sourceTree = "<group>"; };
		37C885D9173F32BC00994182 /* magazine_mockup_reflexo.png */ = {isa = PBXFileReference; lastKnownFileType = image.png; path = magazine_mockup_reflexo.png; sourceTree = "<group>"; };
		37C885DA173F32BC00994182 /* magazine_mockup_reflexo@2x.png */ = {isa = PBXFileReference; lastKnownFileType = image.png; path = "magazine_mockup_reflexo@2x.png"; sourceTree = "<group>"; };
		37C885DF173F32C900994182 /* 127.png */ = {isa = PBXFileReference; lastKnownFileType = image.png; path = 127.png; sourceTree = "<group>"; };
		37C885E0173F32C900994182 /* 127@2x.png */ = {isa = PBXFileReference; lastKnownFileType = image.png; path = "127@2x.png"; sourceTree = "<group>"; };
		37C885E1173F32C900994182 /* 128.png */ = {isa = PBXFileReference; lastKnownFileType = image.png; path = 128.png; sourceTree = "<group>"; };
		37C885E2173F32C900994182 /* 128@2x.png */ = {isa = PBXFileReference; lastKnownFileType = image.png; path = "128@2x.png"; sourceTree = "<group>"; };
		37C885E3173F32C900994182 /* 133.png */ = {isa = PBXFileReference; lastKnownFileType = image.png; path = 133.png; sourceTree = "<group>"; };
		37C885E4173F32C900994182 /* 133@2x.png */ = {isa = PBXFileReference; lastKnownFileType = image.png; path = "133@2x.png"; sourceTree = "<group>"; };
		37C885E5173F32C900994182 /* 134.png */ = {isa = PBXFileReference; lastKnownFileType = image.png; path = 134.png; sourceTree = "<group>"; };
		37C885E6173F32C900994182 /* 134@2x.png */ = {isa = PBXFileReference; lastKnownFileType = image.png; path = "134@2x.png"; sourceTree = "<group>"; };
		37C885E7173F32C900994182 /* 135.png */ = {isa = PBXFileReference; lastKnownFileType = image.png; path = 135.png; sourceTree = "<group>"; };
		37C885E8173F32C900994182 /* 135@2x.png */ = {isa = PBXFileReference; lastKnownFileType = image.png; path = "135@2x.png"; sourceTree = "<group>"; };
		CAB728F7B69D467493937BBF /* Pods.xcconfig */ = {isa = PBXFileReference; includeInIndex = 1; lastKnownFileType = text.xcconfig; name = Pods.xcconfig; path = Pods/Pods.xcconfig; sourceTree = SOURCE_ROOT; };
		HYXIFWTDXJPPRRMDCEPMDTJH /* QuartzCore.framework */ = {isa = PBXFileReference; lastKnownFileType = wrapper.framework; name = QuartzCore.framework; path = System/Library/Frameworks/QuartzCore.framework; sourceTree = SDKROOT; };
		QMNTBWVDMICWTEJGUAKXRYSM /* SparkInspector.framework */ = {isa = PBXFileReference; lastKnownFileType = wrapper.framework; name = SparkInspector.framework; path = "/Applications/Spark Inspector.app/Contents/Resources/Frameworks/SparkInspector.framework"; sourceTree = "<group>"; };
		THBDITSPYVFDWQYYBDCIDIXG /* libz.dylib */ = {isa = PBXFileReference; lastKnownFileType = "compiled.mach-o.dylib"; name = libz.dylib; path = usr/lib/libz.dylib; sourceTree = SDKROOT; };
/* End PBXFileReference section */

/* Begin PBXFrameworksBuildPhase section */
		37C88590173DABC000994182 /* Frameworks */ = {
			isa = PBXFrameworksBuildPhase;
			buildActionMask = 2147483647;
			files = (
				37C88597173DABC000994182 /* UIKit.framework in Frameworks */,
				37C88599173DABC000994182 /* Foundation.framework in Frameworks */,
				37C8859B173DABC000994182 /* CoreGraphics.framework in Frameworks */,
				86616593F16D49C4999F7773 /* libPods.a in Frameworks */,
				KIYDQKWBMRKIEYEVRWSLKUDQ /* QuartzCore.framework in Frameworks */,
				KNPONLATPTEBRUFEBXNXFHCQ /* libz.dylib in Frameworks */,
				KHTIUSNFGMRPHCRVUMVBPGNH /* SparkInspector.framework in Frameworks */,
			);
			runOnlyForDeploymentPostprocessing = 0;
		};
/* End PBXFrameworksBuildPhase section */

/* Begin PBXGroup section */
		3782C8AA173FDE1B00F1EA55 /* UIImage+UIImage_DBImageBlender */ = {
			isa = PBXGroup;
			children = (
				3782C8AB173FDE1B00F1EA55 /* UIImage+UIImage_DBImageBlender.h */,
				3782C8AC173FDE1B00F1EA55 /* UIImage+UIImage_DBImageBlender.m */,
			);
			name = "UIImage+UIImage_DBImageBlender";
			path = "../CodeLib/UIImage+UIImage_DBImageBlender";
			sourceTree = "<group>";
		};
		37C8858A173DABC000994182 = {
			isa = PBXGroup;
			children = (
				37A368F0174A9D4900FF8BE5 /* README.md */,
				3782C8AA173FDE1B00F1EA55 /* UIImage+UIImage_DBImageBlender */,
				37C8859C173DABC000994182 /* ImageBlender */,
				37C88595173DABC000994182 /* Frameworks */,
				37C88594173DABC000994182 /* Products */,
				CAB728F7B69D467493937BBF /* Pods.xcconfig */,
			);
			sourceTree = "<group>";
		};
		37C88594173DABC000994182 /* Products */ = {
			isa = PBXGroup;
			children = (
				37C88593173DABC000994182 /* ImageBlender.app */,
			);
			name = Products;
			sourceTree = "<group>";
		};
		37C88595173DABC000994182 /* Frameworks */ = {
			isa = PBXGroup;
			children = (
				37C88596173DABC000994182 /* UIKit.framework */,
				37C88598173DABC000994182 /* Foundation.framework */,
				37C8859A173DABC000994182 /* CoreGraphics.framework */,
				319DC6E9C90B41FD9D493890 /* libPods.a */,
				HYXIFWTDXJPPRRMDCEPMDTJH /* QuartzCore.framework */,
				THBDITSPYVFDWQYYBDCIDIXG /* libz.dylib */,
				QMNTBWVDMICWTEJGUAKXRYSM /* SparkInspector.framework */,
			);
			name = Frameworks;
			sourceTree = "<group>";
		};
		37C8859C173DABC000994182 /* ImageBlender */ = {
			isa = PBXGroup;
			children = (
				37C885A5173DABC000994182 /* AppDelegate.h */,
				37C885A6173DABC000994182 /* AppDelegate.m */,
				37C885AE173DABC000994182 /* MainStoryboard_iPhone.storyboard */,
				37C885B1173DABC000994182 /* MainStoryboard_iPad.storyboard */,
				37C885B4173DABC000994182 /* ViewController.h */,
				37C885B5173DABC000994182 /* ViewController.m */,
				37C885D1173E2AC600994182 /* Shelf-iPhone.png */,
				37C885D2173E2AC600994182 /* Shelf-iPhone@2x.png */,
				37C885D5173E302600994182 /* Shelf-iPad.png */,
				37C885D7173F32BC00994182 /* magazine_mockup_base.png */,
				37C885D8173F32BC00994182 /* magazine_mockup_base@2x.png */,
				37C885D9173F32BC00994182 /* magazine_mockup_reflexo.png */,
				37C885DA173F32BC00994182 /* magazine_mockup_reflexo@2x.png */,
				37C885DF173F32C900994182 /* 127.png */,
				37C885E0173F32C900994182 /* 127@2x.png */,
				37C885E1173F32C900994182 /* 128.png */,
				37C885E2173F32C900994182 /* 128@2x.png */,
				37C885E3173F32C900994182 /* 133.png */,
				37C885E4173F32C900994182 /* 133@2x.png */,
				37C885E5173F32C900994182 /* 134.png */,
				37C885E6173F32C900994182 /* 134@2x.png */,
				37C885E7173F32C900994182 /* 135.png */,
				37C885E8173F32C900994182 /* 135@2x.png */,
				3782C8C317416D7600F1EA55 /* pattern5.png */,
				37C8859D173DABC000994182 /* Supporting Files */,
			);
			path = ImageBlender;
			sourceTree = "<group>";
		};
		37C8859D173DABC000994182 /* Supporting Files */ = {
			isa = PBXGroup;
			children = (
				37C8859E173DABC000994182 /* ImageBlender-Info.plist */,
				37C8859F173DABC000994182 /* InfoPlist.strings */,
				37C885A2173DABC000994182 /* main.m */,
				37C885A4173DABC000994182 /* ImageBlender-Prefix.pch */,
				37C885A8173DABC000994182 /* Default.png */,
				37C885AA173DABC000994182 /* Default@2x.png */,
				37C885AC173DABC000994182 /* Default-568h@2x.png */,
			);
			name = "Supporting Files";
			sourceTree = "<group>";
		};
/* End PBXGroup section */

/* Begin PBXNativeTarget section */
		37C88592173DABC000994182 /* ImageBlender */ = {
			isa = PBXNativeTarget;
			buildConfigurationList = 37C885B9173DABC000994182 /* Build configuration list for PBXNativeTarget "ImageBlender" */;
			buildPhases = (
				CC8917BD0E3745128D746B5E /* Check Pods Manifest.lock */,
				37C8858F173DABC000994182 /* Sources */,
				37C88590173DABC000994182 /* Frameworks */,
				37C88591173DABC000994182 /* Resources */,
				8BE2708898964219BE56708B /* Copy Pods Resources */,
			);
			buildRules = (
			);
			dependencies = (
			);
			name = ImageBlender;
			productName = ImageBlender;
			productReference = 37C88593173DABC000994182 /* ImageBlender.app */;
			productType = "com.apple.product-type.application";
		};
/* End PBXNativeTarget section */

/* Begin PBXProject section */
		37C8858B173DABC000994182 /* Project object */ = {
			isa = PBXProject;
			attributes = {
				LastUpgradeCheck = 0460;
				ORGANIZATIONNAME = "Daniel Bonates";
			};
			buildConfigurationList = 37C8858E173DABC000994182 /* Build configuration list for PBXProject "ImageBlender" */;
			compatibilityVersion = "Xcode 3.2";
			developmentRegion = English;
			hasScannedForEncodings = 0;
			knownRegions = (
				en,
			);
			mainGroup = 37C8858A173DABC000994182;
			productRefGroup = 37C88594173DABC000994182 /* Products */;
			projectDirPath = "";
			projectRoot = "";
			targets = (
				37C88592173DABC000994182 /* ImageBlender */,
			);
		};
/* End PBXProject section */

/* Begin PBXResourcesBuildPhase section */
		37C88591173DABC000994182 /* Resources */ = {
			isa = PBXResourcesBuildPhase;
			buildActionMask = 2147483647;
			files = (
				37C885A1173DABC000994182 /* InfoPlist.strings in Resources */,
				37C885A9173DABC000994182 /* Default.png in Resources */,
				37C885AB173DABC000994182 /* Default@2x.png in Resources */,
				37C885AD173DABC000994182 /* Default-568h@2x.png in Resources */,
				37C885B0173DABC000994182 /* MainStoryboard_iPhone.storyboard in Resources */,
				37C885B3173DABC000994182 /* MainStoryboard_iPad.storyboard in Resources */,
				37C885D3173E2AC600994182 /* Shelf-iPhone.png in Resources */,
				37C885D4173E2AC600994182 /* Shelf-iPhone@2x.png in Resources */,
				37C885D6173E302600994182 /* Shelf-iPad.png in Resources */,
				37C885DB173F32BC00994182 /* magazine_mockup_base.png in Resources */,
				37C885DC173F32BC00994182 /* magazine_mockup_base@2x.png in Resources */,
				37C885DD173F32BC00994182 /* magazine_mockup_reflexo.png in Resources */,
				37C885DE173F32BC00994182 /* magazine_mockup_reflexo@2x.png in Resources */,
				37C885E9173F32C900994182 /* 127.png in Resources */,
				37C885EA173F32C900994182 /* 127@2x.png in Resources */,
				37C885EB173F32C900994182 /* 128.png in Resources */,
				37C885EC173F32C900994182 /* 128@2x.png in Resources */,
				37C885ED173F32C900994182 /* 133.png in Resources */,
				37C885EE173F32C900994182 /* 133@2x.png in Resources */,
				37C885EF173F32C900994182 /* 134.png in Resources */,
				37C885F0173F32C900994182 /* 134@2x.png in Resources */,
				37C885F1173F32C900994182 /* 135.png in Resources */,
				37C885F2173F32C900994182 /* 135@2x.png in Resources */,
				3782C8C417416D7700F1EA55 /* pattern5.png in Resources */,
				37A368F1174A9D4900FF8BE5 /* README.md in Resources */,
			);
			runOnlyForDeploymentPostprocessing = 0;
		};
/* End PBXResourcesBuildPhase section */

/* Begin PBXShellScriptBuildPhase section */
		8BE2708898964219BE56708B /* Copy Pods Resources */ = {
			isa = PBXShellScriptBuildPhase;
			buildActionMask = 2147483647;
			files = (
			);
			inputPaths = (
			);
			name = "Copy Pods Resources";
			outputPaths = (
			);
			runOnlyForDeploymentPostprocessing = 0;
			shellPath = /bin/sh;
			shellScript = "\"${SRCROOT}/Pods/Pods-resources.sh\"\n";
		};
		CC8917BD0E3745128D746B5E /* Check Pods Manifest.lock */ = {
			isa = PBXShellScriptBuildPhase;
			buildActionMask = 2147483647;
			files = (
			);
			inputPaths = (
			);
			name = "Check Pods Manifest.lock";
			outputPaths = (
			);
			runOnlyForDeploymentPostprocessing = 0;
			shellPath = /bin/sh;
			shellScript = "diff \"${PODS_ROOT}/../Podfile.lock\" \"${PODS_ROOT}/Manifest.lock\" > /dev/null\nif [[ $? != 0 ]] ; then\n    cat << EOM\nerror: The sandbox is not in sync with the Podfile.lock. Run 'pod install' or update your CocoaPods installation.\nEOM\n    exit 1\nfi\n";
		};
/* End PBXShellScriptBuildPhase section */

/* Begin PBXSourcesBuildPhase section */
		37C8858F173DABC000994182 /* Sources */ = {
			isa = PBXSourcesBuildPhase;
			buildActionMask = 2147483647;
			files = (
				37C885A3173DABC000994182 /* main.m in Sources */,
				37C885A7173DABC000994182 /* AppDelegate.m in Sources */,
				37C885B6173DABC000994182 /* ViewController.m in Sources */,
				3782C8AD173FDE1B00F1EA55 /* UIImage+UIImage_DBImageBlender.m in Sources */,
			);
			runOnlyForDeploymentPostprocessing = 0;
		};
/* End PBXSourcesBuildPhase section */

/* Begin PBXVariantGroup section */
		37C8859F173DABC000994182 /* InfoPlist.strings */ = {
			isa = PBXVariantGroup;
			children = (
				37C885A0173DABC000994182 /* en */,
			);
			name = InfoPlist.strings;
			sourceTree = "<group>";
		};
		37C885AE173DABC000994182 /* MainStoryboard_iPhone.storyboard */ = {
			isa = PBXVariantGroup;
			children = (
				37C885AF173DABC000994182 /* en */,
			);
			name = MainStoryboard_iPhone.storyboard;
			sourceTree = "<group>";
		};
		37C885B1173DABC000994182 /* MainStoryboard_iPad.storyboard */ = {
			isa = PBXVariantGroup;
			children = (
				37C885B2173DABC000994182 /* en */,
			);
			name = MainStoryboard_iPad.storyboard;
			sourceTree = "<group>";
		};
/* End PBXVariantGroup section */

/* Begin XCBuildConfiguration section */
		37C885B7173DABC000994182 /* Debug */ = {
			isa = XCBuildConfiguration;
			buildSettings = {
				ALWAYS_SEARCH_USER_PATHS = NO;
				CLANG_CXX_LANGUAGE_STANDARD = "gnu++0x";
				CLANG_CXX_LIBRARY = "libc++";
				CLANG_ENABLE_OBJC_ARC = YES;
				CLANG_WARN_CONSTANT_CONVERSION = YES;
				CLANG_WARN_EMPTY_BODY = YES;
				CLANG_WARN_ENUM_CONVERSION = YES;
				CLANG_WARN_INT_CONVERSION = YES;
				CLANG_WARN__DUPLICATE_METHOD_MATCH = YES;
				"CODE_SIGN_IDENTITY[sdk=iphoneos*]" = "iPhone Developer";
				COPY_PHASE_STRIP = NO;
				FRAMEWORK_SEARCH_PATHS = (
					"\"/Applications/Spark Inspector.app/Contents/Resources/Frameworks\"",
				);
				GCC_C_LANGUAGE_STANDARD = gnu99;
				GCC_DYNAMIC_NO_PIC = NO;
				GCC_OPTIMIZATION_LEVEL = 0;
				GCC_PREPROCESSOR_DEFINITIONS = (
					"DEBUG=1",
					"$(inherited)",
				);
				GCC_SYMBOLS_PRIVATE_EXTERN = NO;
				GCC_WARN_ABOUT_RETURN_TYPE = YES;
				GCC_WARN_UNINITIALIZED_AUTOS = YES;
				GCC_WARN_UNUSED_VARIABLE = YES;
				IPHONEOS_DEPLOYMENT_TARGET = 6.1;
				ONLY_ACTIVE_ARCH = YES;
				OTHER_LDFLAGS = "-ObjC";
				SDKROOT = iphoneos;
				TARGETED_DEVICE_FAMILY = "1,2";
			};
			name = Debug;
		};
		37C885B8173DABC000994182 /* Release */ = {
			isa = XCBuildConfiguration;
			buildSettings = {
				ALWAYS_SEARCH_USER_PATHS = NO;
				CLANG_CXX_LANGUAGE_STANDARD = "gnu++0x";
				CLANG_CXX_LIBRARY = "libc++";
				CLANG_ENABLE_OBJC_ARC = YES;
				CLANG_WARN_CONSTANT_CONVERSION = YES;
				CLANG_WARN_EMPTY_BODY = YES;
				CLANG_WARN_ENUM_CONVERSION = YES;
				CLANG_WARN_INT_CONVERSION = YES;
				CLANG_WARN__DUPLICATE_METHOD_MATCH = YES;
				"CODE_SIGN_IDENTITY[sdk=iphoneos*]" = "iPhone Developer";
				COPY_PHASE_STRIP = YES;
				FRAMEWORK_SEARCH_PATHS = (
					"\"/Applications/Spark Inspector.app/Contents/Resources/Frameworks\"",
				);
				GCC_C_LANGUAGE_STANDARD = gnu99;
				GCC_WARN_ABOUT_RETURN_TYPE = YES;
				GCC_WARN_UNINITIALIZED_AUTOS = YES;
				GCC_WARN_UNUSED_VARIABLE = YES;
				IPHONEOS_DEPLOYMENT_TARGET = 6.1;
				OTHER_CFLAGS = "-DNS_BLOCK_ASSERTIONS=1";
				OTHER_LDFLAGS = "-ObjC";
				SDKROOT = iphoneos;
				TARGETED_DEVICE_FAMILY = "1,2";
				VALIDATE_PRODUCT = YES;
			};
			name = Release;
		};
		37C885BA173DABC000994182 /* Debug */ = {
			isa = XCBuildConfiguration;
			baseConfigurationReference = CAB728F7B69D467493937BBF /* Pods.xcconfig */;
			buildSettings = {
				FRAMEWORK_SEARCH_PATHS = (
					"\"/Applications/Spark Inspector.app/Contents/Resources/Frameworks\"",
				);
				GCC_PRECOMPILE_PREFIX_HEADER = YES;
				GCC_PREFIX_HEADER = "ImageBlender/ImageBlender-Prefix.pch";
				INFOPLIST_FILE = "ImageBlender/ImageBlender-Info.plist";
				OTHER_LDFLAGS = "-ObjC";
				PRODUCT_NAME = "$(TARGET_NAME)";
				WRAPPER_EXTENSION = app;
			};
			name = Debug;
		};
		37C885BB173DABC000994182 /* Release */ = {
			isa = XCBuildConfiguration;
			baseConfigurationReference = CAB728F7B69D467493937BBF /* Pods.xcconfig */;
			buildSettings = {
				FRAMEWORK_SEARCH_PATHS = (
					"\"/Applications/Spark Inspector.app/Contents/Resources/Frameworks\"",
				);
				GCC_PRECOMPILE_PREFIX_HEADER = YES;
				GCC_PREFIX_HEADER = "ImageBlender/ImageBlender-Prefix.pch";
				INFOPLIST_FILE = "ImageBlender/ImageBlender-Info.plist";
				OTHER_LDFLAGS = "-ObjC";
				PRODUCT_NAME = "$(TARGET_NAME)";
				WRAPPER_EXTENSION = app;
			};
			name = Release;
		};
/* End XCBuildConfiguration section */

/* Begin XCConfigurationList section */
		37C8858E173DABC000994182 /* Build configuration list for PBXProject "ImageBlender" */ = {
			isa = XCConfigurationList;
			buildConfigurations = (
				37C885B7173DABC000994182 /* Debug */,
				37C885B8173DABC000994182 /* Release */,
			);
			defaultConfigurationIsVisible = 0;
			defaultConfigurationName = Release;
		};
		37C885B9173DABC000994182 /* Build configuration list for PBXNativeTarget "ImageBlender" */ = {
			isa = XCConfigurationList;
			buildConfigurations = (
				37C885BA173DABC000994182 /* Debug */,
				37C885BB173DABC000994182 /* Release */,
			);
			defaultConfigurationIsVisible = 0;
			defaultConfigurationName = Release;
		};
/* End XCConfigurationList section */
	};
	rootObject = 37C8858B173DABC000994182 /* Project object */;
}
