<?xml version="1.0" encoding="UTF-8"?>
<!DOCTYPE plist PUBLIC "-//Apple//DTD PLIST 1.0//EN" "http://www.apple.com/DTDs/PropertyList-1.0.dtd">
<plist version="1.0">
<dict>
	<key>archiveVersion</key>
	<string>1</string>
	<key>classes</key>
	<dict/>
	<key>objectVersion</key>
	<string>46</string>
	<key>objects</key>
	<dict>
		<key>319DC6E9C90B41FD9D493890</key>
		<dict>
			<key>explicitFileType</key>
			<string>archive.ar</string>
			<key>includeInIndex</key>
			<string>0</string>
			<key>isa</key>
			<string>PBXFileReference</string>
			<key>path</key>
			<string>libPods.a</string>
			<key>sourceTree</key>
			<string>BUILT_PRODUCTS_DIR</string>
		</dict>
		<key>3782C8AA173FDE1B00F1EA55</key>
		<dict>
			<key>children</key>
			<array>
				<string>3782C8AB173FDE1B00F1EA55</string>
				<string>3782C8AC173FDE1B00F1EA55</string>
			</array>
			<key>isa</key>
			<string>PBXGroup</string>
			<key>name</key>
			<string>UIImage+UIImage_DBImageBlender</string>
			<key>path</key>
			<string>../CodeLib/UIImage+UIImage_DBImageBlender</string>
			<key>sourceTree</key>
			<string>&lt;group&gt;</string>
		</dict>
		<key>3782C8AB173FDE1B00F1EA55</key>
		<dict>
			<key>fileEncoding</key>
			<string>4</string>
			<key>isa</key>
			<string>PBXFileReference</string>
			<key>lastKnownFileType</key>
			<string>sourcecode.c.h</string>
			<key>path</key>
			<string>UIImage+UIImage_DBImageBlender.h</string>
			<key>sourceTree</key>
			<string>&lt;group&gt;</string>
		</dict>
		<key>3782C8AC173FDE1B00F1EA55</key>
		<dict>
			<key>fileEncoding</key>
			<string>4</string>
			<key>isa</key>
			<string>PBXFileReference</string>
			<key>lastKnownFileType</key>
			<string>sourcecode.c.objc</string>
			<key>path</key>
			<string>UIImage+UIImage_DBImageBlender.m</string>
			<key>sourceTree</key>
			<string>&lt;group&gt;</string>
		</dict>
		<key>3782C8AD173FDE1B00F1EA55</key>
		<dict>
			<key>fileRef</key>
			<string>3782C8AC173FDE1B00F1EA55</string>
			<key>isa</key>
			<string>PBXBuildFile</string>
		</dict>
		<key>3782C8C317416D7600F1EA55</key>
		<dict>
			<key>isa</key>
			<string>PBXFileReference</string>
			<key>lastKnownFileType</key>
			<string>image.png</string>
			<key>path</key>
			<string>pattern5.png</string>
			<key>sourceTree</key>
			<string>&lt;group&gt;</string>
		</dict>
		<key>3782C8C417416D7700F1EA55</key>
		<dict>
			<key>fileRef</key>
			<string>3782C8C317416D7600F1EA55</string>
			<key>isa</key>
			<string>PBXBuildFile</string>
		</dict>
		<key>37C8858A173DABC000994182</key>
		<dict>
			<key>children</key>
			<array>
				<string>3782C8AA173FDE1B00F1EA55</string>
				<string>37C8859C173DABC000994182</string>
				<string>37C88595173DABC000994182</string>
				<string>37C88594173DABC000994182</string>
				<string>CAB728F7B69D467493937BBF</string>
			</array>
			<key>isa</key>
			<string>PBXGroup</string>
			<key>sourceTree</key>
			<string>&lt;group&gt;</string>
		</dict>
		<key>37C8858B173DABC000994182</key>
		<dict>
			<key>attributes</key>
			<dict>
				<key>LastUpgradeCheck</key>
				<string>0460</string>
				<key>ORGANIZATIONNAME</key>
				<string>Daniel Bonates</string>
			</dict>
			<key>buildConfigurationList</key>
			<string>37C8858E173DABC000994182</string>
			<key>compatibilityVersion</key>
			<string>Xcode 3.2</string>
			<key>developmentRegion</key>
			<string>English</string>
			<key>hasScannedForEncodings</key>
			<string>0</string>
			<key>isa</key>
			<string>PBXProject</string>
			<key>knownRegions</key>
			<array>
				<string>en</string>
			</array>
			<key>mainGroup</key>
			<string>37C8858A173DABC000994182</string>
			<key>productRefGroup</key>
			<string>37C88594173DABC000994182</string>
			<key>projectDirPath</key>
			<string></string>
			<key>projectRoot</key>
			<string></string>
			<key>targets</key>
			<array>
				<string>37C88592173DABC000994182</string>
			</array>
		</dict>
		<key>37C8858E173DABC000994182</key>
		<dict>
			<key>buildConfigurations</key>
			<array>
				<string>37C885B7173DABC000994182</string>
				<string>37C885B8173DABC000994182</string>
			</array>
			<key>defaultConfigurationIsVisible</key>
			<string>0</string>
			<key>defaultConfigurationName</key>
			<string>Release</string>
			<key>isa</key>
			<string>XCConfigurationList</string>
		</dict>
		<key>37C8858F173DABC000994182</key>
		<dict>
			<key>buildActionMask</key>
			<string>2147483647</string>
			<key>files</key>
			<array>
				<string>37C885A3173DABC000994182</string>
				<string>37C885A7173DABC000994182</string>
				<string>37C885B6173DABC000994182</string>
				<string>3782C8AD173FDE1B00F1EA55</string>
			</array>
			<key>isa</key>
			<string>PBXSourcesBuildPhase</string>
			<key>runOnlyForDeploymentPostprocessing</key>
			<string>0</string>
		</dict>
		<key>37C88590173DABC000994182</key>
		<dict>
			<key>buildActionMask</key>
			<string>2147483647</string>
			<key>files</key>
			<array>
				<string>37C88597173DABC000994182</string>
				<string>37C88599173DABC000994182</string>
				<string>37C8859B173DABC000994182</string>
				<string>86616593F16D49C4999F7773</string>
				<string>KIYDQKWBMRKIEYEVRWSLKUDQ</string>
				<string>KNPONLATPTEBRUFEBXNXFHCQ</string>
				<string>KHTIUSNFGMRPHCRVUMVBPGNH</string>
			</array>
			<key>isa</key>
			<string>PBXFrameworksBuildPhase</string>
			<key>runOnlyForDeploymentPostprocessing</key>
			<string>0</string>
		</dict>
		<key>37C88591173DABC000994182</key>
		<dict>
			<key>buildActionMask</key>
			<string>2147483647</string>
			<key>files</key>
			<array>
				<string>37C885A1173DABC000994182</string>
				<string>37C885A9173DABC000994182</string>
				<string>37C885AB173DABC000994182</string>
				<string>37C885AD173DABC000994182</string>
				<string>37C885B0173DABC000994182</string>
				<string>37C885B3173DABC000994182</string>
				<string>37C885D3173E2AC600994182</string>
				<string>37C885D4173E2AC600994182</string>
				<string>37C885D6173E302600994182</string>
				<string>37C885DB173F32BC00994182</string>
				<string>37C885DC173F32BC00994182</string>
				<string>37C885DD173F32BC00994182</string>
				<string>37C885DE173F32BC00994182</string>
				<string>37C885E9173F32C900994182</string>
				<string>37C885EA173F32C900994182</string>
				<string>37C885EB173F32C900994182</string>
				<string>37C885EC173F32C900994182</string>
				<string>37C885ED173F32C900994182</string>
				<string>37C885EE173F32C900994182</string>
				<string>37C885EF173F32C900994182</string>
				<string>37C885F0173F32C900994182</string>
				<string>37C885F1173F32C900994182</string>
				<string>37C885F2173F32C900994182</string>
				<string>3782C8C417416D7700F1EA55</string>
			</array>
			<key>isa</key>
			<string>PBXResourcesBuildPhase</string>
			<key>runOnlyForDeploymentPostprocessing</key>
			<string>0</string>
		</dict>
		<key>37C88592173DABC000994182</key>
		<dict>
			<key>buildConfigurationList</key>
			<string>37C885B9173DABC000994182</string>
			<key>buildPhases</key>
			<array>
				<string>CC8917BD0E3745128D746B5E</string>
				<string>37C8858F173DABC000994182</string>
				<string>37C88590173DABC000994182</string>
				<string>37C88591173DABC000994182</string>
				<string>8BE2708898964219BE56708B</string>
			</array>
			<key>buildRules</key>
			<array/>
			<key>dependencies</key>
			<array/>
			<key>isa</key>
			<string>PBXNativeTarget</string>
			<key>name</key>
			<string>ImageBlender</string>
			<key>productName</key>
			<string>ImageBlender</string>
			<key>productReference</key>
			<string>37C88593173DABC000994182</string>
			<key>productType</key>
			<string>com.apple.product-type.application</string>
		</dict>
		<key>37C88593173DABC000994182</key>
		<dict>
			<key>explicitFileType</key>
			<string>wrapper.application</string>
			<key>includeInIndex</key>
			<string>0</string>
			<key>isa</key>
			<string>PBXFileReference</string>
			<key>path</key>
			<string>ImageBlender.app</string>
			<key>sourceTree</key>
			<string>BUILT_PRODUCTS_DIR</string>
		</dict>
		<key>37C88594173DABC000994182</key>
		<dict>
			<key>children</key>
			<array>
				<string>37C88593173DABC000994182</string>
			</array>
			<key>isa</key>
			<string>PBXGroup</string>
			<key>name</key>
			<string>Products</string>
			<key>sourceTree</key>
			<string>&lt;group&gt;</string>
		</dict>
		<key>37C88595173DABC000994182</key>
		<dict>
			<key>children</key>
			<array>
				<string>37C88596173DABC000994182</string>
				<string>37C88598173DABC000994182</string>
				<string>37C8859A173DABC000994182</string>
				<string>319DC6E9C90B41FD9D493890</string>
				<string>HYXIFWTDXJPPRRMDCEPMDTJH</string>
				<string>THBDITSPYVFDWQYYBDCIDIXG</string>
				<string>QMNTBWVDMICWTEJGUAKXRYSM</string>
			</array>
			<key>isa</key>
			<string>PBXGroup</string>
			<key>name</key>
			<string>Frameworks</string>
			<key>sourceTree</key>
			<string>&lt;group&gt;</string>
		</dict>
		<key>37C88596173DABC000994182</key>
		<dict>
			<key>isa</key>
			<string>PBXFileReference</string>
			<key>lastKnownFileType</key>
			<string>wrapper.framework</string>
			<key>name</key>
			<string>UIKit.framework</string>
			<key>path</key>
			<string>System/Library/Frameworks/UIKit.framework</string>
			<key>sourceTree</key>
			<string>SDKROOT</string>
		</dict>
		<key>37C88597173DABC000994182</key>
		<dict>
			<key>fileRef</key>
			<string>37C88596173DABC000994182</string>
			<key>isa</key>
			<string>PBXBuildFile</string>
		</dict>
		<key>37C88598173DABC000994182</key>
		<dict>
			<key>isa</key>
			<string>PBXFileReference</string>
			<key>lastKnownFileType</key>
			<string>wrapper.framework</string>
			<key>name</key>
			<string>Foundation.framework</string>
			<key>path</key>
			<string>System/Library/Frameworks/Foundation.framework</string>
			<key>sourceTree</key>
			<string>SDKROOT</string>
		</dict>
		<key>37C88599173DABC000994182</key>
		<dict>
			<key>fileRef</key>
			<string>37C88598173DABC000994182</string>
			<key>isa</key>
			<string>PBXBuildFile</string>
		</dict>
		<key>37C8859A173DABC000994182</key>
		<dict>
			<key>isa</key>
			<string>PBXFileReference</string>
			<key>lastKnownFileType</key>
			<string>wrapper.framework</string>
			<key>name</key>
			<string>CoreGraphics.framework</string>
			<key>path</key>
			<string>System/Library/Frameworks/CoreGraphics.framework</string>
			<key>sourceTree</key>
			<string>SDKROOT</string>
		</dict>
		<key>37C8859B173DABC000994182</key>
		<dict>
			<key>fileRef</key>
			<string>37C8859A173DABC000994182</string>
			<key>isa</key>
			<string>PBXBuildFile</string>
		</dict>
		<key>37C8859C173DABC000994182</key>
		<dict>
			<key>children</key>
			<array>
				<string>37C885A5173DABC000994182</string>
				<string>37C885A6173DABC000994182</string>
				<string>37C885AE173DABC000994182</string>
				<string>37C885B1173DABC000994182</string>
				<string>37C885B4173DABC000994182</string>
				<string>37C885B5173DABC000994182</string>
				<string>37C885D1173E2AC600994182</string>
				<string>37C885D2173E2AC600994182</string>
				<string>37C885D5173E302600994182</string>
				<string>37C885D7173F32BC00994182</string>
				<string>37C885D8173F32BC00994182</string>
				<string>37C885D9173F32BC00994182</string>
				<string>37C885DA173F32BC00994182</string>
				<string>37C885DF173F32C900994182</string>
				<string>37C885E0173F32C900994182</string>
				<string>37C885E1173F32C900994182</string>
				<string>37C885E2173F32C900994182</string>
				<string>37C885E3173F32C900994182</string>
				<string>37C885E4173F32C900994182</string>
				<string>37C885E5173F32C900994182</string>
				<string>37C885E6173F32C900994182</string>
				<string>37C885E7173F32C900994182</string>
				<string>37C885E8173F32C900994182</string>
				<string>3782C8C317416D7600F1EA55</string>
				<string>37C8859D173DABC000994182</string>
			</array>
			<key>isa</key>
			<string>PBXGroup</string>
			<key>path</key>
			<string>ImageBlender</string>
			<key>sourceTree</key>
			<string>&lt;group&gt;</string>
		</dict>
		<key>37C8859D173DABC000994182</key>
		<dict>
			<key>children</key>
			<array>
				<string>37C8859E173DABC000994182</string>
				<string>37C8859F173DABC000994182</string>
				<string>37C885A2173DABC000994182</string>
				<string>37C885A4173DABC000994182</string>
				<string>37C885A8173DABC000994182</string>
				<string>37C885AA173DABC000994182</string>
				<string>37C885AC173DABC000994182</string>
			</array>
			<key>isa</key>
			<string>PBXGroup</string>
			<key>name</key>
			<string>Supporting Files</string>
			<key>sourceTree</key>
			<string>&lt;group&gt;</string>
		</dict>
		<key>37C8859E173DABC000994182</key>
		<dict>
			<key>isa</key>
			<string>PBXFileReference</string>
			<key>lastKnownFileType</key>
			<string>text.plist.xml</string>
			<key>path</key>
			<string>ImageBlender-Info.plist</string>
			<key>sourceTree</key>
			<string>&lt;group&gt;</string>
		</dict>
		<key>37C8859F173DABC000994182</key>
		<dict>
			<key>children</key>
			<array>
				<string>37C885A0173DABC000994182</string>
			</array>
			<key>isa</key>
			<string>PBXVariantGroup</string>
			<key>name</key>
			<string>InfoPlist.strings</string>
			<key>sourceTree</key>
			<string>&lt;group&gt;</string>
		</dict>
		<key>37C885A0173DABC000994182</key>
		<dict>
			<key>isa</key>
			<string>PBXFileReference</string>
			<key>lastKnownFileType</key>
			<string>text.plist.strings</string>
			<key>name</key>
			<string>en</string>
			<key>path</key>
			<string>en.lproj/InfoPlist.strings</string>
			<key>sourceTree</key>
			<string>&lt;group&gt;</string>
		</dict>
		<key>37C885A1173DABC000994182</key>
		<dict>
			<key>fileRef</key>
			<string>37C8859F173DABC000994182</string>
			<key>isa</key>
			<string>PBXBuildFile</string>
		</dict>
		<key>37C885A2173DABC000994182</key>
		<dict>
			<key>isa</key>
			<string>PBXFileReference</string>
			<key>lastKnownFileType</key>
			<string>sourcecode.c.objc</string>
			<key>path</key>
			<string>main.m</string>
			<key>sourceTree</key>
			<string>&lt;group&gt;</string>
		</dict>
		<key>37C885A3173DABC000994182</key>
		<dict>
			<key>fileRef</key>
			<string>37C885A2173DABC000994182</string>
			<key>isa</key>
			<string>PBXBuildFile</string>
		</dict>
		<key>37C885A4173DABC000994182</key>
		<dict>
			<key>isa</key>
			<string>PBXFileReference</string>
			<key>lastKnownFileType</key>
			<string>sourcecode.c.h</string>
			<key>path</key>
			<string>ImageBlender-Prefix.pch</string>
			<key>sourceTree</key>
			<string>&lt;group&gt;</string>
		</dict>
		<key>37C885A5173DABC000994182</key>
		<dict>
			<key>isa</key>
			<string>PBXFileReference</string>
			<key>lastKnownFileType</key>
			<string>sourcecode.c.h</string>
			<key>path</key>
			<string>AppDelegate.h</string>
			<key>sourceTree</key>
			<string>&lt;group&gt;</string>
		</dict>
		<key>37C885A6173DABC000994182</key>
		<dict>
			<key>isa</key>
			<string>PBXFileReference</string>
			<key>lastKnownFileType</key>
			<string>sourcecode.c.objc</string>
			<key>path</key>
			<string>AppDelegate.m</string>
			<key>sourceTree</key>
			<string>&lt;group&gt;</string>
		</dict>
		<key>37C885A7173DABC000994182</key>
		<dict>
			<key>fileRef</key>
			<string>37C885A6173DABC000994182</string>
			<key>isa</key>
			<string>PBXBuildFile</string>
		</dict>
		<key>37C885A8173DABC000994182</key>
		<dict>
			<key>isa</key>
			<string>PBXFileReference</string>
			<key>lastKnownFileType</key>
			<string>image.png</string>
			<key>path</key>
			<string>Default.png</string>
			<key>sourceTree</key>
			<string>&lt;group&gt;</string>
		</dict>
		<key>37C885A9173DABC000994182</key>
		<dict>
			<key>fileRef</key>
			<string>37C885A8173DABC000994182</string>
			<key>isa</key>
			<string>PBXBuildFile</string>
		</dict>
		<key>37C885AA173DABC000994182</key>
		<dict>
			<key>isa</key>
			<string>PBXFileReference</string>
			<key>lastKnownFileType</key>
			<string>image.png</string>
			<key>path</key>
			<string>Default@2x.png</string>
			<key>sourceTree</key>
			<string>&lt;group&gt;</string>
		</dict>
		<key>37C885AB173DABC000994182</key>
		<dict>
			<key>fileRef</key>
			<string>37C885AA173DABC000994182</string>
			<key>isa</key>
			<string>PBXBuildFile</string>
		</dict>
		<key>37C885AC173DABC000994182</key>
		<dict>
			<key>isa</key>
			<string>PBXFileReference</string>
			<key>lastKnownFileType</key>
			<string>image.png</string>
			<key>path</key>
			<string>Default-568h@2x.png</string>
			<key>sourceTree</key>
			<string>&lt;group&gt;</string>
		</dict>
		<key>37C885AD173DABC000994182</key>
		<dict>
			<key>fileRef</key>
			<string>37C885AC173DABC000994182</string>
			<key>isa</key>
			<string>PBXBuildFile</string>
		</dict>
		<key>37C885AE173DABC000994182</key>
		<dict>
			<key>children</key>
			<array>
				<string>37C885AF173DABC000994182</string>
			</array>
			<key>isa</key>
			<string>PBXVariantGroup</string>
			<key>name</key>
			<string>MainStoryboard_iPhone.storyboard</string>
			<key>sourceTree</key>
			<string>&lt;group&gt;</string>
		</dict>
		<key>37C885AF173DABC000994182</key>
		<dict>
			<key>isa</key>
			<string>PBXFileReference</string>
			<key>lastKnownFileType</key>
			<string>file.storyboard</string>
			<key>name</key>
			<string>en</string>
			<key>path</key>
			<string>en.lproj/MainStoryboard_iPhone.storyboard</string>
			<key>sourceTree</key>
			<string>&lt;group&gt;</string>
		</dict>
		<key>37C885B0173DABC000994182</key>
		<dict>
			<key>fileRef</key>
			<string>37C885AE173DABC000994182</string>
			<key>isa</key>
			<string>PBXBuildFile</string>
		</dict>
		<key>37C885B1173DABC000994182</key>
		<dict>
			<key>children</key>
			<array>
				<string>37C885B2173DABC000994182</string>
			</array>
			<key>isa</key>
			<string>PBXVariantGroup</string>
			<key>name</key>
			<string>MainStoryboard_iPad.storyboard</string>
			<key>sourceTree</key>
			<string>&lt;group&gt;</string>
		</dict>
		<key>37C885B2173DABC000994182</key>
		<dict>
			<key>isa</key>
			<string>PBXFileReference</string>
			<key>lastKnownFileType</key>
			<string>file.storyboard</string>
			<key>name</key>
			<string>en</string>
			<key>path</key>
			<string>en.lproj/MainStoryboard_iPad.storyboard</string>
			<key>sourceTree</key>
			<string>&lt;group&gt;</string>
		</dict>
		<key>37C885B3173DABC000994182</key>
		<dict>
			<key>fileRef</key>
			<string>37C885B1173DABC000994182</string>
			<key>isa</key>
			<string>PBXBuildFile</string>
		</dict>
		<key>37C885B4173DABC000994182</key>
		<dict>
			<key>isa</key>
			<string>PBXFileReference</string>
			<key>lastKnownFileType</key>
			<string>sourcecode.c.h</string>
			<key>path</key>
			<string>ViewController.h</string>
			<key>sourceTree</key>
			<string>&lt;group&gt;</string>
		</dict>
		<key>37C885B5173DABC000994182</key>
		<dict>
			<key>isa</key>
			<string>PBXFileReference</string>
			<key>lastKnownFileType</key>
			<string>sourcecode.c.objc</string>
			<key>path</key>
			<string>ViewController.m</string>
			<key>sourceTree</key>
			<string>&lt;group&gt;</string>
		</dict>
		<key>37C885B6173DABC000994182</key>
		<dict>
			<key>fileRef</key>
			<string>37C885B5173DABC000994182</string>
			<key>isa</key>
			<string>PBXBuildFile</string>
		</dict>
		<key>37C885B7173DABC000994182</key>
		<dict>
			<key>buildSettings</key>
			<dict>
				<key>ALWAYS_SEARCH_USER_PATHS</key>
				<string>NO</string>
				<key>CLANG_CXX_LANGUAGE_STANDARD</key>
				<string>gnu++0x</string>
				<key>CLANG_CXX_LIBRARY</key>
				<string>libc++</string>
				<key>CLANG_ENABLE_OBJC_ARC</key>
				<string>YES</string>
				<key>CLANG_WARN_CONSTANT_CONVERSION</key>
				<string>YES</string>
				<key>CLANG_WARN_EMPTY_BODY</key>
				<string>YES</string>
				<key>CLANG_WARN_ENUM_CONVERSION</key>
				<string>YES</string>
				<key>CLANG_WARN_INT_CONVERSION</key>
				<string>YES</string>
				<key>CLANG_WARN__DUPLICATE_METHOD_MATCH</key>
				<string>YES</string>
				<key>CODE_SIGN_IDENTITY[sdk=iphoneos*]</key>
				<string>iPhone Developer</string>
				<key>COPY_PHASE_STRIP</key>
				<string>NO</string>
				<key>FRAMEWORK_SEARCH_PATHS</key>
				<array>
					<string>"/Applications/Spark Inspector.app/Contents/Resources/Frameworks"</string>
				</array>
				<key>GCC_C_LANGUAGE_STANDARD</key>
				<string>gnu99</string>
				<key>GCC_DYNAMIC_NO_PIC</key>
				<string>NO</string>
				<key>GCC_OPTIMIZATION_LEVEL</key>
				<string>0</string>
				<key>GCC_PREPROCESSOR_DEFINITIONS</key>
				<array>
					<string>DEBUG=1</string>
					<string>$(inherited)</string>
				</array>
				<key>GCC_SYMBOLS_PRIVATE_EXTERN</key>
				<string>NO</string>
				<key>GCC_WARN_ABOUT_RETURN_TYPE</key>
				<string>YES</string>
				<key>GCC_WARN_UNINITIALIZED_AUTOS</key>
				<string>YES</string>
				<key>GCC_WARN_UNUSED_VARIABLE</key>
				<string>YES</string>
				<key>IPHONEOS_DEPLOYMENT_TARGET</key>
				<string>6.1</string>
				<key>ONLY_ACTIVE_ARCH</key>
				<string>YES</string>
				<key>OTHER_LDFLAGS</key>
				<string>-ObjC</string>
				<key>SDKROOT</key>
				<string>iphoneos</string>
				<key>TARGETED_DEVICE_FAMILY</key>
				<string>1,2</string>
			</dict>
			<key>isa</key>
			<string>XCBuildConfiguration</string>
			<key>name</key>
			<string>Debug</string>
		</dict>
		<key>37C885B8173DABC000994182</key>
		<dict>
			<key>buildSettings</key>
			<dict>
				<key>ALWAYS_SEARCH_USER_PATHS</key>
				<string>NO</string>
				<key>CLANG_CXX_LANGUAGE_STANDARD</key>
				<string>gnu++0x</string>
				<key>CLANG_CXX_LIBRARY</key>
				<string>libc++</string>
				<key>CLANG_ENABLE_OBJC_ARC</key>
				<string>YES</string>
				<key>CLANG_WARN_CONSTANT_CONVERSION</key>
				<string>YES</string>
				<key>CLANG_WARN_EMPTY_BODY</key>
				<string>YES</string>
				<key>CLANG_WARN_ENUM_CONVERSION</key>
				<string>YES</string>
				<key>CLANG_WARN_INT_CONVERSION</key>
				<string>YES</string>
				<key>CLANG_WARN__DUPLICATE_METHOD_MATCH</key>
				<string>YES</string>
				<key>CODE_SIGN_IDENTITY[sdk=iphoneos*]</key>
				<string>iPhone Developer</string>
				<key>COPY_PHASE_STRIP</key>
				<string>YES</string>
				<key>FRAMEWORK_SEARCH_PATHS</key>
				<array>
					<string>"/Applications/Spark Inspector.app/Contents/Resources/Frameworks"</string>
				</array>
				<key>GCC_C_LANGUAGE_STANDARD</key>
				<string>gnu99</string>
				<key>GCC_WARN_ABOUT_RETURN_TYPE</key>
				<string>YES</string>
				<key>GCC_WARN_UNINITIALIZED_AUTOS</key>
				<string>YES</string>
				<key>GCC_WARN_UNUSED_VARIABLE</key>
				<string>YES</string>
				<key>IPHONEOS_DEPLOYMENT_TARGET</key>
				<string>6.1</string>
				<key>OTHER_CFLAGS</key>
				<string>-DNS_BLOCK_ASSERTIONS=1</string>
				<key>OTHER_LDFLAGS</key>
				<string>-ObjC</string>
				<key>SDKROOT</key>
				<string>iphoneos</string>
				<key>TARGETED_DEVICE_FAMILY</key>
				<string>1,2</string>
				<key>VALIDATE_PRODUCT</key>
				<string>YES</string>
			</dict>
			<key>isa</key>
			<string>XCBuildConfiguration</string>
			<key>name</key>
			<string>Release</string>
		</dict>
		<key>37C885B9173DABC000994182</key>
		<dict>
			<key>buildConfigurations</key>
			<array>
				<string>37C885BA173DABC000994182</string>
				<string>37C885BB173DABC000994182</string>
			</array>
			<key>defaultConfigurationIsVisible</key>
			<string>0</string>
			<key>defaultConfigurationName</key>
			<string>Release</string>
			<key>isa</key>
			<string>XCConfigurationList</string>
		</dict>
		<key>37C885BA173DABC000994182</key>
		<dict>
			<key>baseConfigurationReference</key>
			<string>CAB728F7B69D467493937BBF</string>
			<key>buildSettings</key>
			<dict>
				<key>FRAMEWORK_SEARCH_PATHS</key>
				<array>
					<string>"/Applications/Spark Inspector.app/Contents/Resources/Frameworks"</string>
				</array>
				<key>GCC_PRECOMPILE_PREFIX_HEADER</key>
				<string>YES</string>
				<key>GCC_PREFIX_HEADER</key>
				<string>ImageBlender/ImageBlender-Prefix.pch</string>
				<key>INFOPLIST_FILE</key>
				<string>ImageBlender/ImageBlender-Info.plist</string>
				<key>OTHER_LDFLAGS</key>
				<string>-ObjC</string>
				<key>PRODUCT_NAME</key>
				<string>$(TARGET_NAME)</string>
				<key>WRAPPER_EXTENSION</key>
				<string>app</string>
			</dict>
			<key>isa</key>
			<string>XCBuildConfiguration</string>
			<key>name</key>
			<string>Debug</string>
		</dict>
		<key>37C885BB173DABC000994182</key>
		<dict>
			<key>baseConfigurationReference</key>
			<string>CAB728F7B69D467493937BBF</string>
			<key>buildSettings</key>
			<dict>
				<key>FRAMEWORK_SEARCH_PATHS</key>
				<array>
					<string>"/Applications/Spark Inspector.app/Contents/Resources/Frameworks"</string>
				</array>
				<key>GCC_PRECOMPILE_PREFIX_HEADER</key>
				<string>YES</string>
				<key>GCC_PREFIX_HEADER</key>
				<string>ImageBlender/ImageBlender-Prefix.pch</string>
				<key>INFOPLIST_FILE</key>
				<string>ImageBlender/ImageBlender-Info.plist</string>
				<key>OTHER_LDFLAGS</key>
				<string>-ObjC</string>
				<key>PRODUCT_NAME</key>
				<string>$(TARGET_NAME)</string>
				<key>WRAPPER_EXTENSION</key>
				<string>app</string>
			</dict>
			<key>isa</key>
			<string>XCBuildConfiguration</string>
			<key>name</key>
			<string>Release</string>
		</dict>
		<key>37C885D1173E2AC600994182</key>
		<dict>
			<key>isa</key>
			<string>PBXFileReference</string>
			<key>lastKnownFileType</key>
			<string>image.png</string>
			<key>path</key>
			<string>Shelf-iPhone.png</string>
			<key>sourceTree</key>
			<string>&lt;group&gt;</string>
		</dict>
		<key>37C885D2173E2AC600994182</key>
		<dict>
			<key>isa</key>
			<string>PBXFileReference</string>
			<key>lastKnownFileType</key>
			<string>image.png</string>
			<key>path</key>
			<string>Shelf-iPhone@2x.png</string>
			<key>sourceTree</key>
			<string>&lt;group&gt;</string>
		</dict>
		<key>37C885D3173E2AC600994182</key>
		<dict>
			<key>fileRef</key>
			<string>37C885D1173E2AC600994182</string>
			<key>isa</key>
			<string>PBXBuildFile</string>
		</dict>
		<key>37C885D4173E2AC600994182</key>
		<dict>
			<key>fileRef</key>
			<string>37C885D2173E2AC600994182</string>
			<key>isa</key>
			<string>PBXBuildFile</string>
		</dict>
		<key>37C885D5173E302600994182</key>
		<dict>
			<key>isa</key>
			<string>PBXFileReference</string>
			<key>lastKnownFileType</key>
			<string>image.png</string>
			<key>path</key>
			<string>Shelf-iPad.png</string>
			<key>sourceTree</key>
			<string>&lt;group&gt;</string>
		</dict>
		<key>37C885D6173E302600994182</key>
		<dict>
			<key>fileRef</key>
			<string>37C885D5173E302600994182</string>
			<key>isa</key>
			<string>PBXBuildFile</string>
		</dict>
		<key>37C885D7173F32BC00994182</key>
		<dict>
			<key>isa</key>
			<string>PBXFileReference</string>
			<key>lastKnownFileType</key>
			<string>image.png</string>
			<key>path</key>
			<string>magazine_mockup_base.png</string>
			<key>sourceTree</key>
			<string>&lt;group&gt;</string>
		</dict>
		<key>37C885D8173F32BC00994182</key>
		<dict>
			<key>isa</key>
			<string>PBXFileReference</string>
			<key>lastKnownFileType</key>
			<string>image.png</string>
			<key>path</key>
			<string>magazine_mockup_base@2x.png</string>
			<key>sourceTree</key>
			<string>&lt;group&gt;</string>
		</dict>
		<key>37C885D9173F32BC00994182</key>
		<dict>
			<key>isa</key>
			<string>PBXFileReference</string>
			<key>lastKnownFileType</key>
			<string>image.png</string>
			<key>path</key>
			<string>magazine_mockup_reflexo.png</string>
			<key>sourceTree</key>
			<string>&lt;group&gt;</string>
		</dict>
		<key>37C885DA173F32BC00994182</key>
		<dict>
			<key>isa</key>
			<string>PBXFileReference</string>
			<key>lastKnownFileType</key>
			<string>image.png</string>
			<key>path</key>
			<string>magazine_mockup_reflexo@2x.png</string>
			<key>sourceTree</key>
			<string>&lt;group&gt;</string>
		</dict>
		<key>37C885DB173F32BC00994182</key>
		<dict>
			<key>fileRef</key>
			<string>37C885D7173F32BC00994182</string>
			<key>isa</key>
			<string>PBXBuildFile</string>
		</dict>
		<key>37C885DC173F32BC00994182</key>
		<dict>
			<key>fileRef</key>
			<string>37C885D8173F32BC00994182</string>
			<key>isa</key>
			<string>PBXBuildFile</string>
		</dict>
		<key>37C885DD173F32BC00994182</key>
		<dict>
			<key>fileRef</key>
			<string>37C885D9173F32BC00994182</string>
			<key>isa</key>
			<string>PBXBuildFile</string>
		</dict>
		<key>37C885DE173F32BC00994182</key>
		<dict>
			<key>fileRef</key>
			<string>37C885DA173F32BC00994182</string>
			<key>isa</key>
			<string>PBXBuildFile</string>
		</dict>
		<key>37C885DF173F32C900994182</key>
		<dict>
			<key>isa</key>
			<string>PBXFileReference</string>
			<key>lastKnownFileType</key>
			<string>image.png</string>
			<key>path</key>
			<string>127.png</string>
			<key>sourceTree</key>
			<string>&lt;group&gt;</string>
		</dict>
		<key>37C885E0173F32C900994182</key>
		<dict>
			<key>isa</key>
			<string>PBXFileReference</string>
			<key>lastKnownFileType</key>
			<string>image.png</string>
			<key>path</key>
			<string>127@2x.png</string>
			<key>sourceTree</key>
			<string>&lt;group&gt;</string>
		</dict>
		<key>37C885E1173F32C900994182</key>
		<dict>
			<key>isa</key>
			<string>PBXFileReference</string>
			<key>lastKnownFileType</key>
			<string>image.png</string>
			<key>path</key>
			<string>128.png</string>
			<key>sourceTree</key>
			<string>&lt;group&gt;</string>
		</dict>
		<key>37C885E2173F32C900994182</key>
		<dict>
			<key>isa</key>
			<string>PBXFileReference</string>
			<key>lastKnownFileType</key>
			<string>image.png</string>
			<key>path</key>
			<string>128@2x.png</string>
			<key>sourceTree</key>
			<string>&lt;group&gt;</string>
		</dict>
		<key>37C885E3173F32C900994182</key>
		<dict>
			<key>isa</key>
			<string>PBXFileReference</string>
			<key>lastKnownFileType</key>
			<string>image.png</string>
			<key>path</key>
			<string>133.png</string>
			<key>sourceTree</key>
			<string>&lt;group&gt;</string>
		</dict>
		<key>37C885E4173F32C900994182</key>
		<dict>
			<key>isa</key>
			<string>PBXFileReference</string>
			<key>lastKnownFileType</key>
			<string>image.png</string>
			<key>path</key>
			<string>133@2x.png</string>
			<key>sourceTree</key>
			<string>&lt;group&gt;</string>
		</dict>
		<key>37C885E5173F32C900994182</key>
		<dict>
			<key>isa</key>
			<string>PBXFileReference</string>
			<key>lastKnownFileType</key>
			<string>image.png</string>
			<key>path</key>
			<string>134.png</string>
			<key>sourceTree</key>
			<string>&lt;group&gt;</string>
		</dict>
		<key>37C885E6173F32C900994182</key>
		<dict>
			<key>isa</key>
			<string>PBXFileReference</string>
			<key>lastKnownFileType</key>
			<string>image.png</string>
			<key>path</key>
			<string>134@2x.png</string>
			<key>sourceTree</key>
			<string>&lt;group&gt;</string>
		</dict>
		<key>37C885E7173F32C900994182</key>
		<dict>
			<key>isa</key>
			<string>PBXFileReference</string>
			<key>lastKnownFileType</key>
			<string>image.png</string>
			<key>path</key>
			<string>135.png</string>
			<key>sourceTree</key>
			<string>&lt;group&gt;</string>
		</dict>
		<key>37C885E8173F32C900994182</key>
		<dict>
			<key>isa</key>
			<string>PBXFileReference</string>
			<key>lastKnownFileType</key>
			<string>image.png</string>
			<key>path</key>
			<string>135@2x.png</string>
			<key>sourceTree</key>
			<string>&lt;group&gt;</string>
		</dict>
		<key>37C885E9173F32C900994182</key>
		<dict>
			<key>fileRef</key>
			<string>37C885DF173F32C900994182</string>
			<key>isa</key>
			<string>PBXBuildFile</string>
		</dict>
		<key>37C885EA173F32C900994182</key>
		<dict>
			<key>fileRef</key>
			<string>37C885E0173F32C900994182</string>
			<key>isa</key>
			<string>PBXBuildFile</string>
		</dict>
		<key>37C885EB173F32C900994182</key>
		<dict>
			<key>fileRef</key>
			<string>37C885E1173F32C900994182</string>
			<key>isa</key>
			<string>PBXBuildFile</string>
		</dict>
		<key>37C885EC173F32C900994182</key>
		<dict>
			<key>fileRef</key>
			<string>37C885E2173F32C900994182</string>
			<key>isa</key>
			<string>PBXBuildFile</string>
		</dict>
		<key>37C885ED173F32C900994182</key>
		<dict>
			<key>fileRef</key>
			<string>37C885E3173F32C900994182</string>
			<key>isa</key>
			<string>PBXBuildFile</string>
		</dict>
		<key>37C885EE173F32C900994182</key>
		<dict>
			<key>fileRef</key>
			<string>37C885E4173F32C900994182</string>
			<key>isa</key>
			<string>PBXBuildFile</string>
		</dict>
		<key>37C885EF173F32C900994182</key>
		<dict>
			<key>fileRef</key>
			<string>37C885E5173F32C900994182</string>
			<key>isa</key>
			<string>PBXBuildFile</string>
		</dict>
		<key>37C885F0173F32C900994182</key>
		<dict>
			<key>fileRef</key>
			<string>37C885E6173F32C900994182</string>
			<key>isa</key>
			<string>PBXBuildFile</string>
		</dict>
		<key>37C885F1173F32C900994182</key>
		<dict>
			<key>fileRef</key>
			<string>37C885E7173F32C900994182</string>
			<key>isa</key>
			<string>PBXBuildFile</string>
		</dict>
		<key>37C885F2173F32C900994182</key>
		<dict>
			<key>fileRef</key>
			<string>37C885E8173F32C900994182</string>
			<key>isa</key>
			<string>PBXBuildFile</string>
		</dict>
		<key>86616593F16D49C4999F7773</key>
		<dict>
			<key>fileRef</key>
			<string>319DC6E9C90B41FD9D493890</string>
			<key>isa</key>
			<string>PBXBuildFile</string>
		</dict>
		<key>8BE2708898964219BE56708B</key>
		<dict>
			<key>buildActionMask</key>
			<string>2147483647</string>
			<key>files</key>
			<array/>
			<key>inputPaths</key>
			<array/>
			<key>isa</key>
			<string>PBXShellScriptBuildPhase</string>
			<key>name</key>
			<string>Copy Pods Resources</string>
			<key>outputPaths</key>
			<array/>
			<key>runOnlyForDeploymentPostprocessing</key>
			<string>0</string>
			<key>shellPath</key>
			<string>/bin/sh</string>
			<key>shellScript</key>
			<string>"${SRCROOT}/Pods/Pods-resources.sh"
</string>
		</dict>
		<key>CAB728F7B69D467493937BBF</key>
		<dict>
			<key>includeInIndex</key>
			<string>1</string>
			<key>isa</key>
			<string>PBXFileReference</string>
			<key>lastKnownFileType</key>
			<string>text.xcconfig</string>
			<key>name</key>
			<string>Pods.xcconfig</string>
			<key>path</key>
			<string>Pods/Pods.xcconfig</string>
			<key>sourceTree</key>
			<string>SOURCE_ROOT</string>
		</dict>
		<key>CC8917BD0E3745128D746B5E</key>
		<dict>
			<key>buildActionMask</key>
			<string>2147483647</string>
			<key>files</key>
			<array/>
			<key>inputPaths</key>
			<array/>
			<key>isa</key>
			<string>PBXShellScriptBuildPhase</string>
			<key>name</key>
			<string>Check Pods Manifest.lock</string>
			<key>outputPaths</key>
			<array/>
			<key>runOnlyForDeploymentPostprocessing</key>
			<string>0</string>
			<key>shellPath</key>
			<string>/bin/sh</string>
			<key>shellScript</key>
			<string>diff "${PODS_ROOT}/../Podfile.lock" "${PODS_ROOT}/Manifest.lock" &gt; /dev/null
if [[ $? != 0 ]] ; then
    cat &lt;&lt; EOM
error: The sandbox is not in sync with the Podfile.lock. Run 'pod install' or update your CocoaPods installation.
EOM
    exit 1
fi
</string>
		</dict>
		<key>HYXIFWTDXJPPRRMDCEPMDTJH</key>
		<dict>
			<key>isa</key>
			<string>PBXFileReference</string>
			<key>lastKnownFileType</key>
			<string>wrapper.framework</string>
			<key>name</key>
			<string>QuartzCore.framework</string>
			<key>path</key>
			<string>System/Library/Frameworks/QuartzCore.framework</string>
			<key>sourceTree</key>
			<string>SDKROOT</string>
		</dict>
		<key>KHTIUSNFGMRPHCRVUMVBPGNH</key>
		<dict>
			<key>fileRef</key>
			<string>QMNTBWVDMICWTEJGUAKXRYSM</string>
			<key>isa</key>
			<string>PBXBuildFile</string>
		</dict>
		<key>KIYDQKWBMRKIEYEVRWSLKUDQ</key>
		<dict>
			<key>fileRef</key>
			<string>HYXIFWTDXJPPRRMDCEPMDTJH</string>
			<key>isa</key>
			<string>PBXBuildFile</string>
		</dict>
		<key>KNPONLATPTEBRUFEBXNXFHCQ</key>
		<dict>
			<key>fileRef</key>
			<string>THBDITSPYVFDWQYYBDCIDIXG</string>
			<key>isa</key>
			<string>PBXBuildFile</string>
		</dict>
		<key>QMNTBWVDMICWTEJGUAKXRYSM</key>
		<dict>
			<key>isa</key>
			<string>PBXFileReference</string>
			<key>lastKnownFileType</key>
			<string>wrapper.framework</string>
			<key>name</key>
			<string>SparkInspector.framework</string>
			<key>path</key>
			<string>/Applications/Spark Inspector.app/Contents/Resources/Frameworks/SparkInspector.framework</string>
			<key>sourceTree</key>
			<string>&lt;group&gt;</string>
		</dict>
		<key>THBDITSPYVFDWQYYBDCIDIXG</key>
		<dict>
			<key>isa</key>
			<string>PBXFileReference</string>
			<key>lastKnownFileType</key>
			<string>compiled.mach-o.dylib</string>
			<key>name</key>
			<string>libz.dylib</string>
			<key>path</key>
			<string>usr/lib/libz.dylib</string>
			<key>sourceTree</key>
			<string>SDKROOT</string>
		</dict>
	</dict>
	<key>rootObject</key>
	<string>37C8858B173DABC000994182</string>
</dict>
</plist>
